{
  "requires": true,
  "lockfileVersion": 1,
  "dependencies": {
    "@remix-run/router": {
      "version": "1.3.3",
      "resolved": "https://registry.npmjs.org/@remix-run/router/-/router-1.3.3.tgz",
      "integrity": "sha512-YRHie1yQEj0kqqCTCJEfHqYSSNlZQ696QJG+MMiW4mxSl9I0ojz/eRhJS4fs88Z5i6D1SmoF9d3K99/QOhI8/w=="
    }
  }
}
